// !$*UTF8*$!
{
	archiveVersion = 1;
	classes = {
	};
	objectVersion = 56;
	objects = {

/* Begin PBXBuildFile section */
		5B0863062C258A1200F010D0 /* EburyApp.swift in Sources */ = {isa = PBXBuildFile; fileRef = 5B0863052C258A1200F010D0 /* EburyApp.swift */; };
		5B0863082C258A1200F010D0 /* TabBarView.swift in Sources */ = {isa = PBXBuildFile; fileRef = 5B0863072C258A1200F010D0 /* TabBarView.swift */; };
		5B08630A2C258A1300F010D0 /* Assets.xcassets in Resources */ = {isa = PBXBuildFile; fileRef = 5B0863092C258A1300F010D0 /* Assets.xcassets */; };
		5B08630D2C258A1300F010D0 /* Preview Assets.xcassets in Resources */ = {isa = PBXBuildFile; fileRef = 5B08630C2C258A1300F010D0 /* Preview Assets.xcassets */; };
		5B0863142C26B3A900F010D0 /* LaunchScreen.storyboard in Resources */ = {isa = PBXBuildFile; fileRef = 5B0863132C26B3A900F010D0 /* LaunchScreen.storyboard */; };
		5B24601F2C27572100335E5B /* ProductsView.swift in Sources */ = {isa = PBXBuildFile; fileRef = 5B24601E2C27572100335E5B /* ProductsView.swift */; };
		5B2460212C28148100335E5B /* HomeView.swift in Sources */ = {isa = PBXBuildFile; fileRef = 5B2460202C28148100335E5B /* HomeView.swift */; };
		5B2460232C2819CB00335E5B /* CurrencyCellView.swift in Sources */ = {isa = PBXBuildFile; fileRef = 5B2460222C2819CB00335E5B /* CurrencyCellView.swift */; };
		5BCC225C2C2B916E00B08EE9 /* View+.swift in Sources */ = {isa = PBXBuildFile; fileRef = 5BCC225B2C2B916E00B08EE9 /* View+.swift */; };
		5BCC225F2C2B91C400B08EE9 /* SheetContainer.swift in Sources */ = {isa = PBXBuildFile; fileRef = 5BCC225E2C2B91C400B08EE9 /* SheetContainer.swift */; };
		5BCC226C2C2B96C700B08EE9 /* NetworkError.swift in Sources */ = {isa = PBXBuildFile; fileRef = 5BCC226B2C2B96C700B08EE9 /* NetworkError.swift */; };
		5BCC226E2C2B96EB00B08EE9 /* URLSession+.swift in Sources */ = {isa = PBXBuildFile; fileRef = 5BCC226D2C2B96EB00B08EE9 /* URLSession+.swift */; };
		5BCC22732C2B975600B08EE9 /* WalletsService.swift in Sources */ = {isa = PBXBuildFile; fileRef = 5BCC22722C2B975600B08EE9 /* WalletsService.swift */; };
		5BCC22752C2B984400B08EE9 /* APIWallet.swift in Sources */ = {isa = PBXBuildFile; fileRef = 5BCC22742C2B984400B08EE9 /* APIWallet.swift */; };
		5BCC22782C2B98E600B08EE9 /* WalletsRepository.swift in Sources */ = {isa = PBXBuildFile; fileRef = 5BCC22772C2B98E600B08EE9 /* WalletsRepository.swift */; };
		5BCC227A2C2B993F00B08EE9 /* Wallet.swift in Sources */ = {isa = PBXBuildFile; fileRef = 5BCC22792C2B993F00B08EE9 /* Wallet.swift */; };
		5BCC227D2C2B9A8B00B08EE9 /* Currency.swift in Sources */ = {isa = PBXBuildFile; fileRef = 5BCC227C2C2B9A8B00B08EE9 /* Currency.swift */; };
		5BCC227F2C2B9AB000B08EE9 /* WalletMapper.swift in Sources */ = {isa = PBXBuildFile; fileRef = 5BCC227E2C2B9AB000B08EE9 /* WalletMapper.swift */; };
		5BCC22812C2B9EB300B08EE9 /* HomeViewModel.swift in Sources */ = {isa = PBXBuildFile; fileRef = 5BCC22802C2B9EB300B08EE9 /* HomeViewModel.swift */; };
		5BCC22832C2B9F4500B08EE9 /* ViewState.swift in Sources */ = {isa = PBXBuildFile; fileRef = 5BCC22822C2B9F4500B08EE9 /* ViewState.swift */; };
/* End PBXBuildFile section */

/* Begin PBXFileReference section */
		5B0863022C258A1200F010D0 /* Ebury.app */ = {isa = PBXFileReference; explicitFileType = wrapper.application; includeInIndex = 0; path = Ebury.app; sourceTree = BUILT_PRODUCTS_DIR; };
		5B0863052C258A1200F010D0 /* EburyApp.swift */ = {isa = PBXFileReference; lastKnownFileType = sourcecode.swift; path = EburyApp.swift; sourceTree = "<group>"; };
		5B0863072C258A1200F010D0 /* TabBarView.swift */ = {isa = PBXFileReference; lastKnownFileType = sourcecode.swift; path = TabBarView.swift; sourceTree = "<group>"; };
		5B0863092C258A1300F010D0 /* Assets.xcassets */ = {isa = PBXFileReference; lastKnownFileType = folder.assetcatalog; path = Assets.xcassets; sourceTree = "<group>"; };
		5B08630C2C258A1300F010D0 /* Preview Assets.xcassets */ = {isa = PBXFileReference; lastKnownFileType = folder.assetcatalog; path = "Preview Assets.xcassets"; sourceTree = "<group>"; };
		5B0863132C26B3A900F010D0 /* LaunchScreen.storyboard */ = {isa = PBXFileReference; lastKnownFileType = file.storyboard; path = LaunchScreen.storyboard; sourceTree = "<group>"; };
		5B24601E2C27572100335E5B /* ProductsView.swift */ = {isa = PBXFileReference; lastKnownFileType = sourcecode.swift; path = ProductsView.swift; sourceTree = "<group>"; };
		5B2460202C28148100335E5B /* HomeView.swift */ = {isa = PBXFileReference; lastKnownFileType = sourcecode.swift; path = HomeView.swift; sourceTree = "<group>"; };
		5B2460222C2819CB00335E5B /* CurrencyCellView.swift */ = {isa = PBXFileReference; lastKnownFileType = sourcecode.swift; path = CurrencyCellView.swift; sourceTree = "<group>"; };
		5BCC225B2C2B916E00B08EE9 /* View+.swift */ = {isa = PBXFileReference; lastKnownFileType = sourcecode.swift; path = "View+.swift"; sourceTree = "<group>"; };
		5BCC225E2C2B91C400B08EE9 /* SheetContainer.swift */ = {isa = PBXFileReference; lastKnownFileType = sourcecode.swift; path = SheetContainer.swift; sourceTree = "<group>"; };
		5BCC226B2C2B96C700B08EE9 /* NetworkError.swift */ = {isa = PBXFileReference; lastKnownFileType = sourcecode.swift; path = NetworkError.swift; sourceTree = "<group>"; };
		5BCC226D2C2B96EB00B08EE9 /* URLSession+.swift */ = {isa = PBXFileReference; lastKnownFileType = sourcecode.swift; path = "URLSession+.swift"; sourceTree = "<group>"; };
		5BCC22722C2B975600B08EE9 /* WalletsService.swift */ = {isa = PBXFileReference; lastKnownFileType = sourcecode.swift; path = WalletsService.swift; sourceTree = "<group>"; };
		5BCC22742C2B984400B08EE9 /* APIWallet.swift */ = {isa = PBXFileReference; lastKnownFileType = sourcecode.swift; path = APIWallet.swift; sourceTree = "<group>"; };
		5BCC22772C2B98E600B08EE9 /* WalletsRepository.swift */ = {isa = PBXFileReference; lastKnownFileType = sourcecode.swift; path = WalletsRepository.swift; sourceTree = "<group>"; };
		5BCC22792C2B993F00B08EE9 /* Wallet.swift */ = {isa = PBXFileReference; lastKnownFileType = sourcecode.swift; path = Wallet.swift; sourceTree = "<group>"; };
		5BCC227C2C2B9A8B00B08EE9 /* Currency.swift */ = {isa = PBXFileReference; lastKnownFileType = sourcecode.swift; path = Currency.swift; sourceTree = "<group>"; };
		5BCC227E2C2B9AB000B08EE9 /* WalletMapper.swift */ = {isa = PBXFileReference; lastKnownFileType = sourcecode.swift; path = WalletMapper.swift; sourceTree = "<group>"; };
		5BCC22802C2B9EB300B08EE9 /* HomeViewModel.swift */ = {isa = PBXFileReference; lastKnownFileType = sourcecode.swift; path = HomeViewModel.swift; sourceTree = "<group>"; };
		5BCC22822C2B9F4500B08EE9 /* ViewState.swift */ = {isa = PBXFileReference; lastKnownFileType = sourcecode.swift; path = ViewState.swift; sourceTree = "<group>"; };
/* End PBXFileReference section */

/* Begin PBXFrameworksBuildPhase section */
		5B0862FF2C258A1200F010D0 /* Frameworks */ = {
			isa = PBXFrameworksBuildPhase;
			buildActionMask = 2147483647;
			files = (
			);
			runOnlyForDeploymentPostprocessing = 0;
		};
/* End PBXFrameworksBuildPhase section */

/* Begin PBXGroup section */
		5B0862F92C258A1200F010D0 = {
			isa = PBXGroup;
			children = (
				5B0863042C258A1200F010D0 /* Ebury */,
				5B0863032C258A1200F010D0 /* Products */,
			);
			sourceTree = "<group>";
		};
		5B0863032C258A1200F010D0 /* Products */ = {
			isa = PBXGroup;
			children = (
				5B0863022C258A1200F010D0 /* Ebury.app */,
			);
			name = Products;
			sourceTree = "<group>";
		};
		5B0863042C258A1200F010D0 /* Ebury */ = {
			isa = PBXGroup;
			children = (
				5B0863052C258A1200F010D0 /* EburyApp.swift */,
				5BCC22592C2B914400B08EE9 /* Common */,
				5BCC22642C2B92A400B08EE9 /* Core */,
				5BCC22692C2B958E00B08EE9 /* Resources */,
				5BCC22602C2B920400B08EE9 /* Screens */,
				5B08630B2C258A1300F010D0 /* Preview Content */,
			);
			path = Ebury;
			sourceTree = "<group>";
		};
		5B08630B2C258A1300F010D0 /* Preview Content */ = {
			isa = PBXGroup;
			children = (
				5B08630C2C258A1300F010D0 /* Preview Assets.xcassets */,
			);
			path = "Preview Content";
			sourceTree = "<group>";
		};
		5BCC22592C2B914400B08EE9 /* Common */ = {
			isa = PBXGroup;
			children = (
				5BCC225D2C2B91B700B08EE9 /* Components */,
				5BCC225A2C2B914900B08EE9 /* Extensions */,
				5BCC226A2C2B96B800B08EE9 /* Helpers */,
			);
			path = Common;
			sourceTree = "<group>";
		};
		5BCC225A2C2B914900B08EE9 /* Extensions */ = {
			isa = PBXGroup;
			children = (
				5BCC226D2C2B96EB00B08EE9 /* URLSession+.swift */,
				5BCC225B2C2B916E00B08EE9 /* View+.swift */,
			);
			path = Extensions;
			sourceTree = "<group>";
		};
		5BCC225D2C2B91B700B08EE9 /* Components */ = {
			isa = PBXGroup;
			children = (
				5BCC225E2C2B91C400B08EE9 /* SheetContainer.swift */,
			);
			path = Components;
			sourceTree = "<group>";
		};
		5BCC22602C2B920400B08EE9 /* Screens */ = {
			isa = PBXGroup;
			children = (
				5B0863072C258A1200F010D0 /* TabBarView.swift */,
				5BCC22612C2B920900B08EE9 /* Home */,
				5BCC22622C2B920F00B08EE9 /* Products */,
			);
			path = Screens;
			sourceTree = "<group>";
		};
		5BCC22612C2B920900B08EE9 /* Home */ = {
			isa = PBXGroup;
			children = (
				5BCC22632C2B927700B08EE9 /* Components */,
				5B2460202C28148100335E5B /* HomeView.swift */,
				5BCC22802C2B9EB300B08EE9 /* HomeViewModel.swift */,
			);
			path = Home;
			sourceTree = "<group>";
		};
		5BCC22622C2B920F00B08EE9 /* Products */ = {
			isa = PBXGroup;
			children = (
				5B24601E2C27572100335E5B /* ProductsView.swift */,
			);
			path = Products;
			sourceTree = "<group>";
		};
		5BCC22632C2B927700B08EE9 /* Components */ = {
			isa = PBXGroup;
			children = (
				5B2460222C2819CB00335E5B /* CurrencyCellView.swift */,
			);
			path = Components;
			sourceTree = "<group>";
		};
		5BCC22642C2B92A400B08EE9 /* Core */ = {
			isa = PBXGroup;
			children = (
				5BCC226F2C2B971C00B08EE9 /* Data */,
				5BCC22652C2B92A900B08EE9 /* Domain */,
			);
			path = Core;
			sourceTree = "<group>";
		};
		5BCC22652C2B92A900B08EE9 /* Domain */ = {
			isa = PBXGroup;
			children = (
				5BCC227B2C2B9A7400B08EE9 /* Mappers */,
				5BCC22662C2B92AE00B08EE9 /* Models */,
				5BCC22762C2B98CE00B08EE9 /* Repositories */,
			);
			path = Domain;
			sourceTree = "<group>";
		};
		5BCC22662C2B92AE00B08EE9 /* Models */ = {
			isa = PBXGroup;
			children = (
				5BCC227C2C2B9A8B00B08EE9 /* Currency.swift */,
				5BCC22792C2B993F00B08EE9 /* Wallet.swift */,
			);
			path = Models;
			sourceTree = "<group>";
		};
		5BCC22692C2B958E00B08EE9 /* Resources */ = {
			isa = PBXGroup;
			children = (
				5B0863092C258A1300F010D0 /* Assets.xcassets */,
				5B0863132C26B3A900F010D0 /* LaunchScreen.storyboard */,
			);
			path = Resources;
			sourceTree = "<group>";
		};
		5BCC226A2C2B96B800B08EE9 /* Helpers */ = {
			isa = PBXGroup;
			children = (
				5BCC226B2C2B96C700B08EE9 /* NetworkError.swift */,
				5BCC22822C2B9F4500B08EE9 /* ViewState.swift */,
			);
			path = Helpers;
			sourceTree = "<group>";
		};
		5BCC226F2C2B971C00B08EE9 /* Data */ = {
			isa = PBXGroup;
			children = (
				5BCC22702C2B972200B08EE9 /* Models */,
				5BCC22712C2B972600B08EE9 /* Services */,
			);
			path = Data;
			sourceTree = "<group>";
		};
		5BCC22702C2B972200B08EE9 /* Models */ = {
			isa = PBXGroup;
			children = (
				5BCC22742C2B984400B08EE9 /* APIWallet.swift */,
			);
			path = Models;
			sourceTree = "<group>";
		};
		5BCC22712C2B972600B08EE9 /* Services */ = {
			isa = PBXGroup;
			children = (
				5BCC22722C2B975600B08EE9 /* WalletsService.swift */,
			);
			path = Services;
			sourceTree = "<group>";
		};
		5BCC22762C2B98CE00B08EE9 /* Repositories */ = {
			isa = PBXGroup;
			children = (
				5BCC22772C2B98E600B08EE9 /* WalletsRepository.swift */,
			);
			path = Repositories;
			sourceTree = "<group>";
		};
		5BCC227B2C2B9A7400B08EE9 /* Mappers */ = {
			isa = PBXGroup;
			children = (
				5BCC227E2C2B9AB000B08EE9 /* WalletMapper.swift */,
			);
			path = Mappers;
			sourceTree = "<group>";
		};
/* End PBXGroup section */

/* Begin PBXNativeTarget section */
		5B0863012C258A1200F010D0 /* Ebury */ = {
			isa = PBXNativeTarget;
			buildConfigurationList = 5B0863102C258A1300F010D0 /* Build configuration list for PBXNativeTarget "Ebury" */;
			buildPhases = (
				5B0862FE2C258A1200F010D0 /* Sources */,
				5B0862FF2C258A1200F010D0 /* Frameworks */,
				5B0863002C258A1200F010D0 /* Resources */,
			);
			buildRules = (
			);
			dependencies = (
			);
			name = Ebury;
			productName = Ebury;
			productReference = 5B0863022C258A1200F010D0 /* Ebury.app */;
			productType = "com.apple.product-type.application";
		};
/* End PBXNativeTarget section */

/* Begin PBXProject section */
		5B0862FA2C258A1200F010D0 /* Project object */ = {
			isa = PBXProject;
			attributes = {
				BuildIndependentTargetsInParallel = 1;
				LastSwiftUpdateCheck = 1510;
				LastUpgradeCheck = 1510;
				TargetAttributes = {
					5B0863012C258A1200F010D0 = {
						CreatedOnToolsVersion = 15.1;
					};
				};
			};
			buildConfigurationList = 5B0862FD2C258A1200F010D0 /* Build configuration list for PBXProject "Ebury" */;
			compatibilityVersion = "Xcode 14.0";
			developmentRegion = en;
			hasScannedForEncodings = 0;
			knownRegions = (
				en,
				Base,
			);
			mainGroup = 5B0862F92C258A1200F010D0;
			productRefGroup = 5B0863032C258A1200F010D0 /* Products */;
			projectDirPath = "";
			projectRoot = "";
			targets = (
				5B0863012C258A1200F010D0 /* Ebury */,
			);
		};
/* End PBXProject section */

/* Begin PBXResourcesBuildPhase section */
		5B0863002C258A1200F010D0 /* Resources */ = {
			isa = PBXResourcesBuildPhase;
			buildActionMask = 2147483647;
			files = (
				5B0863142C26B3A900F010D0 /* LaunchScreen.storyboard in Resources */,
				5B08630D2C258A1300F010D0 /* Preview Assets.xcassets in Resources */,
				5B08630A2C258A1300F010D0 /* Assets.xcassets in Resources */,
			);
			runOnlyForDeploymentPostprocessing = 0;
		};
/* End PBXResourcesBuildPhase section */

/* Begin PBXSourcesBuildPhase section */
		5B0862FE2C258A1200F010D0 /* Sources */ = {
			isa = PBXSourcesBuildPhase;
			buildActionMask = 2147483647;
			files = (
				5B24601F2C27572100335E5B /* ProductsView.swift in Sources */,
				5BCC22782C2B98E600B08EE9 /* WalletsRepository.swift in Sources */,
				5B0863082C258A1200F010D0 /* TabBarView.swift in Sources */,
				5BCC22812C2B9EB300B08EE9 /* HomeViewModel.swift in Sources */,
				5BCC225F2C2B91C400B08EE9 /* SheetContainer.swift in Sources */,
				5BCC226E2C2B96EB00B08EE9 /* URLSession+.swift in Sources */,
				5BCC227D2C2B9A8B00B08EE9 /* Currency.swift in Sources */,
				5BCC22752C2B984400B08EE9 /* APIWallet.swift in Sources */,
				5B2460232C2819CB00335E5B /* CurrencyCellView.swift in Sources */,
				5BCC227A2C2B993F00B08EE9 /* Wallet.swift in Sources */,
				5BCC225C2C2B916E00B08EE9 /* View+.swift in Sources */,
				5BCC227F2C2B9AB000B08EE9 /* WalletMapper.swift in Sources */,
				5BCC226C2C2B96C700B08EE9 /* NetworkError.swift in Sources */,
				5B2460212C28148100335E5B /* HomeView.swift in Sources */,
				5B0863062C258A1200F010D0 /* EburyApp.swift in Sources */,
				5BCC22832C2B9F4500B08EE9 /* ViewState.swift in Sources */,
				5BCC22732C2B975600B08EE9 /* WalletsService.swift in Sources */,
			);
			runOnlyForDeploymentPostprocessing = 0;
		};
/* End PBXSourcesBuildPhase section */

/* Begin XCBuildConfiguration section */
		5B08630E2C258A1300F010D0 /* Debug */ = {
			isa = XCBuildConfiguration;
			buildSettings = {
				ALWAYS_SEARCH_USER_PATHS = NO;
				ASSETCATALOG_COMPILER_GENERATE_SWIFT_ASSET_SYMBOL_EXTENSIONS = YES;
				CLANG_ANALYZER_NONNULL = YES;
				CLANG_ANALYZER_NUMBER_OBJECT_CONVERSION = YES_AGGRESSIVE;
				CLANG_CXX_LANGUAGE_STANDARD = "gnu++20";
				CLANG_ENABLE_MODULES = YES;
				CLANG_ENABLE_OBJC_ARC = YES;
				CLANG_ENABLE_OBJC_WEAK = YES;
				CLANG_WARN_BLOCK_CAPTURE_AUTORELEASING = YES;
				CLANG_WARN_BOOL_CONVERSION = YES;
				CLANG_WARN_COMMA = YES;
				CLANG_WARN_CONSTANT_CONVERSION = YES;
				CLANG_WARN_DEPRECATED_OBJC_IMPLEMENTATIONS = YES;
				CLANG_WARN_DIRECT_OBJC_ISA_USAGE = YES_ERROR;
				CLANG_WARN_DOCUMENTATION_COMMENTS = YES;
				CLANG_WARN_EMPTY_BODY = YES;
				CLANG_WARN_ENUM_CONVERSION = YES;
				CLANG_WARN_INFINITE_RECURSION = YES;
				CLANG_WARN_INT_CONVERSION = YES;
				CLANG_WARN_NON_LITERAL_NULL_CONVERSION = YES;
				CLANG_WARN_OBJC_IMPLICIT_RETAIN_SELF = YES;
				CLANG_WARN_OBJC_LITERAL_CONVERSION = YES;
				CLANG_WARN_OBJC_ROOT_CLASS = YES_ERROR;
				CLANG_WARN_QUOTED_INCLUDE_IN_FRAMEWORK_HEADER = YES;
				CLANG_WARN_RANGE_LOOP_ANALYSIS = YES;
				CLANG_WARN_STRICT_PROTOTYPES = YES;
				CLANG_WARN_SUSPICIOUS_MOVE = YES;
				CLANG_WARN_UNGUARDED_AVAILABILITY = YES_AGGRESSIVE;
				CLANG_WARN_UNREACHABLE_CODE = YES;
				CLANG_WARN__DUPLICATE_METHOD_MATCH = YES;
				COPY_PHASE_STRIP = NO;
				DEBUG_INFORMATION_FORMAT = dwarf;
				ENABLE_STRICT_OBJC_MSGSEND = YES;
				ENABLE_TESTABILITY = YES;
				ENABLE_USER_SCRIPT_SANDBOXING = YES;
				GCC_C_LANGUAGE_STANDARD = gnu17;
				GCC_DYNAMIC_NO_PIC = NO;
				GCC_NO_COMMON_BLOCKS = YES;
				GCC_OPTIMIZATION_LEVEL = 0;
				GCC_PREPROCESSOR_DEFINITIONS = (
					"DEBUG=1",
					"$(inherited)",
				);
				GCC_WARN_64_TO_32_BIT_CONVERSION = YES;
				GCC_WARN_ABOUT_RETURN_TYPE = YES_ERROR;
				GCC_WARN_UNDECLARED_SELECTOR = YES;
				GCC_WARN_UNINITIALIZED_AUTOS = YES_AGGRESSIVE;
				GCC_WARN_UNUSED_FUNCTION = YES;
				GCC_WARN_UNUSED_VARIABLE = YES;
				IPHONEOS_DEPLOYMENT_TARGET = 17.2;
				LOCALIZATION_PREFERS_STRING_CATALOGS = YES;
				MTL_ENABLE_DEBUG_INFO = INCLUDE_SOURCE;
				MTL_FAST_MATH = YES;
				ONLY_ACTIVE_ARCH = YES;
				SDKROOT = iphoneos;
				SWIFT_ACTIVE_COMPILATION_CONDITIONS = "DEBUG $(inherited)";
				SWIFT_OPTIMIZATION_LEVEL = "-Onone";
			};
			name = Debug;
		};
		5B08630F2C258A1300F010D0 /* Release */ = {
			isa = XCBuildConfiguration;
			buildSettings = {
				ALWAYS_SEARCH_USER_PATHS = NO;
				ASSETCATALOG_COMPILER_GENERATE_SWIFT_ASSET_SYMBOL_EXTENSIONS = YES;
				CLANG_ANALYZER_NONNULL = YES;
				CLANG_ANALYZER_NUMBER_OBJECT_CONVERSION = YES_AGGRESSIVE;
				CLANG_CXX_LANGUAGE_STANDARD = "gnu++20";
				CLANG_ENABLE_MODULES = YES;
				CLANG_ENABLE_OBJC_ARC = YES;
				CLANG_ENABLE_OBJC_WEAK = YES;
				CLANG_WARN_BLOCK_CAPTURE_AUTORELEASING = YES;
				CLANG_WARN_BOOL_CONVERSION = YES;
				CLANG_WARN_COMMA = YES;
				CLANG_WARN_CONSTANT_CONVERSION = YES;
				CLANG_WARN_DEPRECATED_OBJC_IMPLEMENTATIONS = YES;
				CLANG_WARN_DIRECT_OBJC_ISA_USAGE = YES_ERROR;
				CLANG_WARN_DOCUMENTATION_COMMENTS = YES;
				CLANG_WARN_EMPTY_BODY = YES;
				CLANG_WARN_ENUM_CONVERSION = YES;
				CLANG_WARN_INFINITE_RECURSION = YES;
				CLANG_WARN_INT_CONVERSION = YES;
				CLANG_WARN_NON_LITERAL_NULL_CONVERSION = YES;
				CLANG_WARN_OBJC_IMPLICIT_RETAIN_SELF = YES;
				CLANG_WARN_OBJC_LITERAL_CONVERSION = YES;
				CLANG_WARN_OBJC_ROOT_CLASS = YES_ERROR;
				CLANG_WARN_QUOTED_INCLUDE_IN_FRAMEWORK_HEADER = YES;
				CLANG_WARN_RANGE_LOOP_ANALYSIS = YES;
				CLANG_WARN_STRICT_PROTOTYPES = YES;
				CLANG_WARN_SUSPICIOUS_MOVE = YES;
				CLANG_WARN_UNGUARDED_AVAILABILITY = YES_AGGRESSIVE;
				CLANG_WARN_UNREACHABLE_CODE = YES;
				CLANG_WARN__DUPLICATE_METHOD_MATCH = YES;
				COPY_PHASE_STRIP = NO;
				DEBUG_INFORMATION_FORMAT = "dwarf-with-dsym";
				ENABLE_NS_ASSERTIONS = NO;
				ENABLE_STRICT_OBJC_MSGSEND = YES;
				ENABLE_USER_SCRIPT_SANDBOXING = YES;
				GCC_C_LANGUAGE_STANDARD = gnu17;
				GCC_NO_COMMON_BLOCKS = YES;
				GCC_WARN_64_TO_32_BIT_CONVERSION = YES;
				GCC_WARN_ABOUT_RETURN_TYPE = YES_ERROR;
				GCC_WARN_UNDECLARED_SELECTOR = YES;
				GCC_WARN_UNINITIALIZED_AUTOS = YES_AGGRESSIVE;
				GCC_WARN_UNUSED_FUNCTION = YES;
				GCC_WARN_UNUSED_VARIABLE = YES;
				IPHONEOS_DEPLOYMENT_TARGET = 17.2;
				LOCALIZATION_PREFERS_STRING_CATALOGS = YES;
				MTL_ENABLE_DEBUG_INFO = NO;
				MTL_FAST_MATH = YES;
				SDKROOT = iphoneos;
				SWIFT_COMPILATION_MODE = wholemodule;
				VALIDATE_PRODUCT = YES;
			};
			name = Release;
		};
		5B0863112C258A1300F010D0 /* Debug */ = {
			isa = XCBuildConfiguration;
			buildSettings = {
				ASSETCATALOG_COMPILER_APPICON_NAME = AppIcon;
				ASSETCATALOG_COMPILER_GLOBAL_ACCENT_COLOR_NAME = AccentColor;
				CODE_SIGN_STYLE = Automatic;
				CURRENT_PROJECT_VERSION = 1;
				DEVELOPMENT_ASSET_PATHS = "\"Ebury/Preview Content\"";
				DEVELOPMENT_TEAM = QAV5LTYADS;
				ENABLE_PREVIEWS = YES;
				GENERATE_INFOPLIST_FILE = YES;
				INFOPLIST_KEY_UIApplicationSceneManifest_Generation = YES;
				INFOPLIST_KEY_UIApplicationSupportsIndirectInputEvents = YES;
				INFOPLIST_KEY_UILaunchScreen_Generation = YES;
				INFOPLIST_KEY_UILaunchStoryboardName = LaunchScreen.storyboard;
				INFOPLIST_KEY_UISupportedInterfaceOrientations_iPad = "UIInterfaceOrientationPortrait UIInterfaceOrientationPortraitUpsideDown UIInterfaceOrientationLandscapeLeft UIInterfaceOrientationLandscapeRight";
				INFOPLIST_KEY_UISupportedInterfaceOrientations_iPhone = "UIInterfaceOrientationPortrait UIInterfaceOrientationLandscapeLeft UIInterfaceOrientationLandscapeRight";
				LD_RUNPATH_SEARCH_PATHS = (
					"$(inherited)",
					"@executable_path/Frameworks",
				);
				MARKETING_VERSION = 1.0;
				PRODUCT_BUNDLE_IDENTIFIER = com.rodlimco.Ebury;
				PRODUCT_NAME = "$(TARGET_NAME)";
				SWIFT_EMIT_LOC_STRINGS = YES;
				SWIFT_VERSION = 5.0;
				TARGETED_DEVICE_FAMILY = "1,2";
			};
			name = Debug;
		};
		5B0863122C258A1300F010D0 /* Release */ = {
			isa = XCBuildConfiguration;
			buildSettings = {
				ASSETCATALOG_COMPILER_APPICON_NAME = AppIcon;
				ASSETCATALOG_COMPILER_GLOBAL_ACCENT_COLOR_NAME = AccentColor;
				CODE_SIGN_STYLE = Automatic;
				CURRENT_PROJECT_VERSION = 1;
				DEVELOPMENT_ASSET_PATHS = "\"Ebury/Preview Content\"";
				DEVELOPMENT_TEAM = QAV5LTYADS;
				ENABLE_PREVIEWS = YES;
				GENERATE_INFOPLIST_FILE = YES;
				INFOPLIST_KEY_UIApplicationSceneManifest_Generation = YES;
				INFOPLIST_KEY_UIApplicationSupportsIndirectInputEvents = YES;
				INFOPLIST_KEY_UILaunchScreen_Generation = YES;
				INFOPLIST_KEY_UILaunchStoryboardName = LaunchScreen.storyboard;
				INFOPLIST_KEY_UISupportedInterfaceOrientations_iPad = "UIInterfaceOrientationPortrait UIInterfaceOrientationPortraitUpsideDown UIInterfaceOrientationLandscapeLeft UIInterfaceOrientationLandscapeRight";
				INFOPLIST_KEY_UISupportedInterfaceOrientations_iPhone = "UIInterfaceOrientationPortrait UIInterfaceOrientationLandscapeLeft UIInterfaceOrientationLandscapeRight";
				LD_RUNPATH_SEARCH_PATHS = (
					"$(inherited)",
					"@executable_path/Frameworks",
				);
				MARKETING_VERSION = 1.0;
				PRODUCT_BUNDLE_IDENTIFIER = com.rodlimco.Ebury;
				PRODUCT_NAME = "$(TARGET_NAME)";
				SWIFT_EMIT_LOC_STRINGS = YES;
				SWIFT_VERSION = 5.0;
				TARGETED_DEVICE_FAMILY = "1,2";
			};
			name = Release;
		};
/* End XCBuildConfiguration section */

/* Begin XCConfigurationList section */
		5B0862FD2C258A1200F010D0 /* Build configuration list for PBXProject "Ebury" */ = {
			isa = XCConfigurationList;
			buildConfigurations = (
				5B08630E2C258A1300F010D0 /* Debug */,
				5B08630F2C258A1300F010D0 /* Release */,
			);
			defaultConfigurationIsVisible = 0;
			defaultConfigurationName = Release;
		};
		5B0863102C258A1300F010D0 /* Build configuration list for PBXNativeTarget "Ebury" */ = {
			isa = XCConfigurationList;
			buildConfigurations = (
				5B0863112C258A1300F010D0 /* Debug */,
				5B0863122C258A1300F010D0 /* Release */,
			);
			defaultConfigurationIsVisible = 0;
			defaultConfigurationName = Release;
		};
/* End XCConfigurationList section */
	};
	rootObject = 5B0862FA2C258A1200F010D0 /* Project object */;
}
